
Microsoft Visual Studio Solution File, Format Version 12.00
# Visual Studio Version 17
VisualStudioVersion = 17.14.36414.22
MinimumVisualStudioVersion = 10.0.40219.1
Project("{FAE04EC0-301F-11D3-BF4B-00C04F79EFBC}") = "SystemProgramming", "SystemProgramming\SystemProgramming.csproj", "{37933B6C-1DB5-43A1-ABD7-ACA8DD78A5B5}"
EndProject
Project("{FAE04EC0-301F-11D3-BF4B-00C04F79EFBC}") = "Lesson_1_Calc", "Lesson_1_Calc\Lesson_1_Calc.csproj", "{891C12BA-D861-40A2-ABF4-4656D4695694}"
EndProject
Project("{FAE04EC0-301F-11D3-BF4B-00C04F79EFBC}") = "Lesson_2_ListAllProcesses", "Lesson_2_ListAllProcesses\Lesson_2_ListAllProcesses.csproj", "{5EB0CD68-9237-4A79-9FF6-207221049385}"
EndProject
Project("{2150E333-8FDC-42A3-9474-1A3956D46DE8}") = "Lesson_2_1", "Lesson_2_1", "{36D591C7-65C7-A0D1-1CBC-10CDE441BDC8}"
EndProject
Project("{FAE04EC0-301F-11D3-BF4B-00C04F79EFBC}") = "ModulesInAction", "ModulesInAction\ModulesInAction.csproj", "{168C6860-08C5-4AD8-8158-2A512EA04BA5}"
	ProjectSection(ProjectDependencies) = postProject
		{5D454A2A-84AB-49B0-A2EE-4F3C784CFE92} = {5D454A2A-84AB-49B0-A2EE-4F3C784CFE92}
	EndProjectSection
EndProject
Project("{FAE04EC0-301F-11D3-BF4B-00C04F79EFBC}") = "SmpleLibrary", "SmpleLibrary\SmpleLibrary.csproj", "{5D454A2A-84AB-49B0-A2EE-4F3C784CFE92}"
EndProject
Project("{FAE04EC0-301F-11D3-BF4B-00C04F79EFBC}") = "Lesslon_3", "Lesslon_3\Lesslon_3.csproj", "{4046AC10-9F13-44C5-B48D-B7B6B941F1C8}"
EndProject
Project("{2150E333-8FDC-42A3-9474-1A3956D46DE8}") = "DZ", "DZ", "{6418DEA9-6FB9-4A09-A088-35D2798DF65E}"
EndProject
Project("{FAE04EC0-301F-11D3-BF4B-00C04F79EFBC}") = "DZ_1_1", "DZ_1_1\DZ_1_1.csproj", "{BAAD8E39-072D-40E9-BE8F-B2999659D9BE}"
EndProject
Project("{FAE04EC0-301F-11D3-BF4B-00C04F79EFBC}") = "DZ_1_2", "DZ_1_2\DZ_1_2.csproj", "{0B155C8A-DFB3-4AF7-A79C-9414AA42132A}"
EndProject
Project("{FAE04EC0-301F-11D3-BF4B-00C04F79EFBC}") = "DZ_1_3", "DZ_1_3\DZ_1_3.csproj", "{0A937941-8F7D-4646-9D0F-3C10D7D73C5F}"
EndProject
Project("{FAE04EC0-301F-11D3-BF4B-00C04F79EFBC}") = "DZ_1_4", "DZ_1_4\DZ_1_4.csproj", "{834DC4F0-652C-4F76-90FA-AF8C48F73F94}"
EndProject
Project("{FAE04EC0-301F-11D3-BF4B-00C04F79EFBC}") = "DZ_3", "DZ_3\DZ_3.csproj", "{EF7B2879-D057-4902-AFF9-C7168F426780}"
EndProject
Project("{FAE04EC0-301F-11D3-BF4B-00C04F79EFBC}") = "ConcurrentBag", "ConcurrentBag\ConcurrentBag.csproj", "{D870223C-E690-4169-9D69-A1F244D272C0}"
EndProject
Project("{2150E333-8FDC-42A3-9474-1A3956D46DE8}") = "ClassWork", "ClassWork", "{849897F2-436E-43D4-9165-8E472E04316B}"
EndProject
Project("{FAE04EC0-301F-11D3-BF4B-00C04F79EFBC}") = "DZ_4", "DZ_4\DZ_4.csproj", "{28FCAE37-FCB5-426A-AADA-1A4B9719F002}"
EndProject
Global
	GlobalSection(SolutionConfigurationPlatforms) = preSolution
		Debug|Any CPU = Debug|Any CPU
		Release|Any CPU = Release|Any CPU
	EndGlobalSection
	GlobalSection(ProjectConfigurationPlatforms) = postSolution
		{37933B6C-1DB5-43A1-ABD7-ACA8DD78A5B5}.Debug|Any CPU.ActiveCfg = Debug|Any CPU
		{37933B6C-1DB5-43A1-ABD7-ACA8DD78A5B5}.Debug|Any CPU.Build.0 = Debug|Any CPU
		{37933B6C-1DB5-43A1-ABD7-ACA8DD78A5B5}.Release|Any CPU.ActiveCfg = Release|Any CPU
		{37933B6C-1DB5-43A1-ABD7-ACA8DD78A5B5}.Release|Any CPU.Build.0 = Release|Any CPU
		{891C12BA-D861-40A2-ABF4-4656D4695694}.Debug|Any CPU.ActiveCfg = Debug|Any CPU
		{891C12BA-D861-40A2-ABF4-4656D4695694}.Debug|Any CPU.Build.0 = Debug|Any CPU
		{891C12BA-D861-40A2-ABF4-4656D4695694}.Release|Any CPU.ActiveCfg = Release|Any CPU
		{891C12BA-D861-40A2-ABF4-4656D4695694}.Release|Any CPU.Build.0 = Release|Any CPU
		{5EB0CD68-9237-4A79-9FF6-207221049385}.Debug|Any CPU.ActiveCfg = Debug|Any CPU
		{5EB0CD68-9237-4A79-9FF6-207221049385}.Debug|Any CPU.Build.0 = Debug|Any CPU
		{5EB0CD68-9237-4A79-9FF6-207221049385}.Release|Any CPU.ActiveCfg = Release|Any CPU
		{5EB0CD68-9237-4A79-9FF6-207221049385}.Release|Any CPU.Build.0 = Release|Any CPU
		{168C6860-08C5-4AD8-8158-2A512EA04BA5}.Debug|Any CPU.ActiveCfg = Debug|Any CPU
		{168C6860-08C5-4AD8-8158-2A512EA04BA5}.Debug|Any CPU.Build.0 = Debug|Any CPU
		{168C6860-08C5-4AD8-8158-2A512EA04BA5}.Release|Any CPU.ActiveCfg = Release|Any CPU
		{168C6860-08C5-4AD8-8158-2A512EA04BA5}.Release|Any CPU.Build.0 = Release|Any CPU
		{5D454A2A-84AB-49B0-A2EE-4F3C784CFE92}.Debug|Any CPU.ActiveCfg = Debug|Any CPU
		{5D454A2A-84AB-49B0-A2EE-4F3C784CFE92}.Debug|Any CPU.Build.0 = Debug|Any CPU
		{5D454A2A-84AB-49B0-A2EE-4F3C784CFE92}.Release|Any CPU.ActiveCfg = Release|Any CPU
		{5D454A2A-84AB-49B0-A2EE-4F3C784CFE92}.Release|Any CPU.Build.0 = Release|Any CPU
		{4046AC10-9F13-44C5-B48D-B7B6B941F1C8}.Debug|Any CPU.ActiveCfg = Debug|Any CPU
		{4046AC10-9F13-44C5-B48D-B7B6B941F1C8}.Debug|Any CPU.Build.0 = Debug|Any CPU
		{4046AC10-9F13-44C5-B48D-B7B6B941F1C8}.Release|Any CPU.ActiveCfg = Release|Any CPU
		{4046AC10-9F13-44C5-B48D-B7B6B941F1C8}.Release|Any CPU.Build.0 = Release|Any CPU
		{BAAD8E39-072D-40E9-BE8F-B2999659D9BE}.Debug|Any CPU.ActiveCfg = Debug|Any CPU
		{BAAD8E39-072D-40E9-BE8F-B2999659D9BE}.Debug|Any CPU.Build.0 = Debug|Any CPU
		{BAAD8E39-072D-40E9-BE8F-B2999659D9BE}.Release|Any CPU.ActiveCfg = Release|Any CPU
		{BAAD8E39-072D-40E9-BE8F-B2999659D9BE}.Release|Any CPU.Build.0 = Release|Any CPU
		{0B155C8A-DFB3-4AF7-A79C-9414AA42132A}.Debug|Any CPU.ActiveCfg = Debug|Any CPU
		{0B155C8A-DFB3-4AF7-A79C-9414AA42132A}.Debug|Any CPU.Build.0 = Debug|Any CPU
		{0B155C8A-DFB3-4AF7-A79C-9414AA42132A}.Release|Any CPU.ActiveCfg = Release|Any CPU
		{0B155C8A-DFB3-4AF7-A79C-9414AA42132A}.Release|Any CPU.Build.0 = Release|Any CPU
		{0A937941-8F7D-4646-9D0F-3C10D7D73C5F}.Debug|Any CPU.ActiveCfg = Debug|Any CPU
		{0A937941-8F7D-4646-9D0F-3C10D7D73C5F}.Debug|Any CPU.Build.0 = Debug|Any CPU
		{0A937941-8F7D-4646-9D0F-3C10D7D73C5F}.Release|Any CPU.ActiveCfg = Release|Any CPU
		{0A937941-8F7D-4646-9D0F-3C10D7D73C5F}.Release|Any CPU.Build.0 = Release|Any CPU
		{834DC4F0-652C-4F76-90FA-AF8C48F73F94}.Debug|Any CPU.ActiveCfg = Debug|Any CPU
		{834DC4F0-652C-4F76-90FA-AF8C48F73F94}.Debug|Any CPU.Build.0 = Debug|Any CPU
		{834DC4F0-652C-4F76-90FA-AF8C48F73F94}.Release|Any CPU.ActiveCfg = Release|Any CPU
		{834DC4F0-652C-4F76-90FA-AF8C48F73F94}.Release|Any CPU.Build.0 = Release|Any CPU
		{EF7B2879-D057-4902-AFF9-C7168F426780}.Debug|Any CPU.ActiveCfg = Debug|Any CPU
		{EF7B2879-D057-4902-AFF9-C7168F426780}.Debug|Any CPU.Build.0 = Debug|Any CPU
		{EF7B2879-D057-4902-AFF9-C7168F426780}.Release|Any CPU.ActiveCfg = Release|Any CPU
		{EF7B2879-D057-4902-AFF9-C7168F426780}.Release|Any CPU.Build.0 = Release|Any CPU
		{D870223C-E690-4169-9D69-A1F244D272C0}.Debug|Any CPU.ActiveCfg = Debug|Any CPU
		{D870223C-E690-4169-9D69-A1F244D272C0}.Debug|Any CPU.Build.0 = Debug|Any CPU
		{D870223C-E690-4169-9D69-A1F244D272C0}.Release|Any CPU.ActiveCfg = Release|Any CPU
		{D870223C-E690-4169-9D69-A1F244D272C0}.Release|Any CPU.Build.0 = Release|Any CPU
		{28FCAE37-FCB5-426A-AADA-1A4B9719F002}.Debug|Any CPU.ActiveCfg = Debug|Any CPU
		{28FCAE37-FCB5-426A-AADA-1A4B9719F002}.Debug|Any CPU.Build.0 = Debug|Any CPU
		{28FCAE37-FCB5-426A-AADA-1A4B9719F002}.Release|Any CPU.ActiveCfg = Release|Any CPU
		{28FCAE37-FCB5-426A-AADA-1A4B9719F002}.Release|Any CPU.Build.0 = Release|Any CPU
	EndGlobalSection
	GlobalSection(SolutionProperties) = preSolution
		HideSolutionNode = FALSE
	EndGlobalSection
	GlobalSection(NestedProjects) = preSolution
		{37933B6C-1DB5-43A1-ABD7-ACA8DD78A5B5} = {849897F2-436E-43D4-9165-8E472E04316B}
		{891C12BA-D861-40A2-ABF4-4656D4695694} = {849897F2-436E-43D4-9165-8E472E04316B}
		{5EB0CD68-9237-4A79-9FF6-207221049385} = {849897F2-436E-43D4-9165-8E472E04316B}
		{36D591C7-65C7-A0D1-1CBC-10CDE441BDC8} = {849897F2-436E-43D4-9165-8E472E04316B}
		{168C6860-08C5-4AD8-8158-2A512EA04BA5} = {36D591C7-65C7-A0D1-1CBC-10CDE441BDC8}
		{5D454A2A-84AB-49B0-A2EE-4F3C784CFE92} = {36D591C7-65C7-A0D1-1CBC-10CDE441BDC8}
		{4046AC10-9F13-44C5-B48D-B7B6B941F1C8} = {849897F2-436E-43D4-9165-8E472E04316B}
		{BAAD8E39-072D-40E9-BE8F-B2999659D9BE} = {6418DEA9-6FB9-4A09-A088-35D2798DF65E}
		{0B155C8A-DFB3-4AF7-A79C-9414AA42132A} = {6418DEA9-6FB9-4A09-A088-35D2798DF65E}
		{0A937941-8F7D-4646-9D0F-3C10D7D73C5F} = {6418DEA9-6FB9-4A09-A088-35D2798DF65E}
		{834DC4F0-652C-4F76-90FA-AF8C48F73F94} = {6418DEA9-6FB9-4A09-A088-35D2798DF65E}
		{EF7B2879-D057-4902-AFF9-C7168F426780} = {6418DEA9-6FB9-4A09-A088-35D2798DF65E}
		{D870223C-E690-4169-9D69-A1F244D272C0} = {849897F2-436E-43D4-9165-8E472E04316B}
		{28FCAE37-FCB5-426A-AADA-1A4B9719F002} = {6418DEA9-6FB9-4A09-A088-35D2798DF65E}
	EndGlobalSection
	GlobalSection(ExtensibilityGlobals) = postSolution
		SolutionGuid = {88C7DDF4-DD8C-4AA4-AA26-4E119288ED83}
	EndGlobalSection
EndGlobal
